// !$*UTF8*$!
{
	archiveVersion = 1;
	classes = {
	};
	objectVersion = 50;
	objects = {

/* Begin PBXBuildFile section */
		7A0382F5217EA65600D339EE /* StatesTableViewController.swift in Sources */ = {isa = PBXBuildFile; fileRef = 7A0382F4217EA65600D339EE /* StatesTableViewController.swift */; };
		7A1284AF217D47DF00B01363 /* StatesRepository.swift in Sources */ = {isa = PBXBuildFile; fileRef = 7A1284AE217D47DF00B01363 /* StatesRepository.swift */; };
		7A2454F021780D200004E3D1 /* AppDelegate.swift in Sources */ = {isa = PBXBuildFile; fileRef = 7A2454EF21780D200004E3D1 /* AppDelegate.swift */; };
		7A2454F221780D200004E3D1 /* LoginViewController.swift in Sources */ = {isa = PBXBuildFile; fileRef = 7A2454F121780D200004E3D1 /* LoginViewController.swift */; };
		7A2454F521780D200004E3D1 /* Main.storyboard in Resources */ = {isa = PBXBuildFile; fileRef = 7A2454F321780D200004E3D1 /* Main.storyboard */; };
		7A2454F721780D210004E3D1 /* Assets.xcassets in Resources */ = {isa = PBXBuildFile; fileRef = 7A2454F621780D210004E3D1 /* Assets.xcassets */; };
		7A2454FA21780D210004E3D1 /* LaunchScreen.storyboard in Resources */ = {isa = PBXBuildFile; fileRef = 7A2454F821780D210004E3D1 /* LaunchScreen.storyboard */; };
		7A24550521780D210004E3D1 /* assignment4Tests.swift in Sources */ = {isa = PBXBuildFile; fileRef = 7A24550421780D210004E3D1 /* assignment4Tests.swift */; };
		7A24551021780D210004E3D1 /* assignment4UITests.swift in Sources */ = {isa = PBXBuildFile; fileRef = 7A24550F21780D210004E3D1 /* assignment4UITests.swift */; };
		7A2900ED217EE52C00F9E44A /* StateViewController.swift in Sources */ = {isa = PBXBuildFile; fileRef = 7A2900EC217EE52C00F9E44A /* StateViewController.swift */; };
		7A7D03242180008F003DB0A4 /* StatesRepositoryProtocol.swift in Sources */ = {isa = PBXBuildFile; fileRef = 7A7D03232180008F003DB0A4 /* StatesRepositoryProtocol.swift */; };
		7A7D0326218000F2003DB0A4 /* StatesServiceProtocol.swift in Sources */ = {isa = PBXBuildFile; fileRef = 7A7D0325218000F2003DB0A4 /* StatesServiceProtocol.swift */; };
		7A81F46221868FD4008FF90E /* MapKit.framework in Frameworks */ = {isa = PBXBuildFile; fileRef = 7A81F46121868FD4008FF90E /* MapKit.framework */; };
		7A81F4652186A6F9008FF90E /* AnnotatedLocation.swift in Sources */ = {isa = PBXBuildFile; fileRef = 7A81F4642186A6F9008FF90E /* AnnotatedLocation.swift */; };
		7A958B2821814F08008FEA44 /* NameTabViewController.swift in Sources */ = {isa = PBXBuildFile; fileRef = 7A958B2721814F08008FEA44 /* NameTabViewController.swift */; };
		7A958B2A21814F32008FEA44 /* SportsTabViewController.swift in Sources */ = {isa = PBXBuildFile; fileRef = 7A958B2921814F32008FEA44 /* SportsTabViewController.swift */; };
		7A958B2C21814F54008FEA44 /* MapTabViewController.swift in Sources */ = {isa = PBXBuildFile; fileRef = 7A958B2B21814F54008FEA44 /* MapTabViewController.swift */; };
		7AD8BECF217D2215008B47F3 /* States.plist in Resources */ = {isa = PBXBuildFile; fileRef = 7AD8BECE217D2215008B47F3 /* States.plist */; };
		7AD8BED2217D286F008B47F3 /* StateDomain.swift in Sources */ = {isa = PBXBuildFile; fileRef = 7AD8BED1217D286F008B47F3 /* StateDomain.swift */; };
		7AD8BED5217D2A21008B47F3 /* StatesService.swift in Sources */ = {isa = PBXBuildFile; fileRef = 7AD8BED4217D2A21008B47F3 /* StatesService.swift */; };
/* End PBXBuildFile section */

/* Begin PBXContainerItemProxy section */
		7A24550121780D210004E3D1 /* PBXContainerItemProxy */ = {
			isa = PBXContainerItemProxy;
			containerPortal = 7A2454E421780D200004E3D1 /* Project object */;
			proxyType = 1;
			remoteGlobalIDString = 7A2454EB21780D200004E3D1;
			remoteInfo = assignment4;
		};
		7A24550C21780D210004E3D1 /* PBXContainerItemProxy */ = {
			isa = PBXContainerItemProxy;
			containerPortal = 7A2454E421780D200004E3D1 /* Project object */;
			proxyType = 1;
			remoteGlobalIDString = 7A2454EB21780D200004E3D1;
			remoteInfo = assignment4;
		};
/* End PBXContainerItemProxy section */

/* Begin PBXFileReference section */
		7A0382F4217EA65600D339EE /* StatesTableViewController.swift */ = {isa = PBXFileReference; lastKnownFileType = sourcecode.swift; path = StatesTableViewController.swift; sourceTree = "<group>"; };
		7A1284AE217D47DF00B01363 /* StatesRepository.swift */ = {isa = PBXFileReference; lastKnownFileType = sourcecode.swift; path = StatesRepository.swift; sourceTree = "<group>"; };
		7A2454EC21780D200004E3D1 /* assignment4.app */ = {isa = PBXFileReference; explicitFileType = wrapper.application; includeInIndex = 0; path = assignment4.app; sourceTree = BUILT_PRODUCTS_DIR; };
		7A2454EF21780D200004E3D1 /* AppDelegate.swift */ = {isa = PBXFileReference; lastKnownFileType = sourcecode.swift; path = AppDelegate.swift; sourceTree = "<group>"; };
		7A2454F121780D200004E3D1 /* LoginViewController.swift */ = {isa = PBXFileReference; lastKnownFileType = sourcecode.swift; path = LoginViewController.swift; sourceTree = "<group>"; };
		7A2454F421780D200004E3D1 /* Base */ = {isa = PBXFileReference; lastKnownFileType = file.storyboard; name = Base; path = Base.lproj/Main.storyboard; sourceTree = "<group>"; };
		7A2454F621780D210004E3D1 /* Assets.xcassets */ = {isa = PBXFileReference; lastKnownFileType = folder.assetcatalog; path = Assets.xcassets; sourceTree = "<group>"; };
		7A2454F921780D210004E3D1 /* Base */ = {isa = PBXFileReference; lastKnownFileType = file.storyboard; name = Base; path = Base.lproj/LaunchScreen.storyboard; sourceTree = "<group>"; };
		7A2454FB21780D210004E3D1 /* Info.plist */ = {isa = PBXFileReference; lastKnownFileType = text.plist.xml; path = Info.plist; sourceTree = "<group>"; };
		7A24550021780D210004E3D1 /* assignment4Tests.xctest */ = {isa = PBXFileReference; explicitFileType = wrapper.cfbundle; includeInIndex = 0; path = assignment4Tests.xctest; sourceTree = BUILT_PRODUCTS_DIR; };
		7A24550421780D210004E3D1 /* assignment4Tests.swift */ = {isa = PBXFileReference; lastKnownFileType = sourcecode.swift; path = assignment4Tests.swift; sourceTree = "<group>"; };
		7A24550621780D210004E3D1 /* Info.plist */ = {isa = PBXFileReference; lastKnownFileType = text.plist.xml; path = Info.plist; sourceTree = "<group>"; };
		7A24550B21780D210004E3D1 /* assignment4UITests.xctest */ = {isa = PBXFileReference; explicitFileType = wrapper.cfbundle; includeInIndex = 0; path = assignment4UITests.xctest; sourceTree = BUILT_PRODUCTS_DIR; };
		7A24550F21780D210004E3D1 /* assignment4UITests.swift */ = {isa = PBXFileReference; lastKnownFileType = sourcecode.swift; path = assignment4UITests.swift; sourceTree = "<group>"; };
		7A24551121780D210004E3D1 /* Info.plist */ = {isa = PBXFileReference; lastKnownFileType = text.plist.xml; path = Info.plist; sourceTree = "<group>"; };
		7A26ACF921795FD800ED7532 /* en */ = {isa = PBXFileReference; lastKnownFileType = text.plist.strings; name = en; path = en.lproj/Main.strings; sourceTree = "<group>"; };
		7A26ACFB2179600B00ED7532 /* es */ = {isa = PBXFileReference; lastKnownFileType = text.plist.strings; name = es; path = es.lproj/LaunchScreen.strings; sourceTree = "<group>"; };
		7A26AD042179681700ED7532 /* es */ = {isa = PBXFileReference; lastKnownFileType = file.storyboard; name = es; path = es.lproj/Main.storyboard; sourceTree = "<group>"; };
		7A2900EC217EE52C00F9E44A /* StateViewController.swift */ = {isa = PBXFileReference; lastKnownFileType = sourcecode.swift; path = StateViewController.swift; sourceTree = "<group>"; };
		7A7D03232180008F003DB0A4 /* StatesRepositoryProtocol.swift */ = {isa = PBXFileReference; lastKnownFileType = sourcecode.swift; path = StatesRepositoryProtocol.swift; sourceTree = "<group>"; };
		7A7D0325218000F2003DB0A4 /* StatesServiceProtocol.swift */ = {isa = PBXFileReference; lastKnownFileType = sourcecode.swift; path = StatesServiceProtocol.swift; sourceTree = "<group>"; };
		7A81F46121868FD4008FF90E /* MapKit.framework */ = {isa = PBXFileReference; lastKnownFileType = wrapper.framework; name = MapKit.framework; path = System/Library/Frameworks/MapKit.framework; sourceTree = SDKROOT; };
		7A81F4642186A6F9008FF90E /* AnnotatedLocation.swift */ = {isa = PBXFileReference; lastKnownFileType = sourcecode.swift; path = AnnotatedLocation.swift; sourceTree = "<group>"; };
		7A958B2721814F08008FEA44 /* NameTabViewController.swift */ = {isa = PBXFileReference; lastKnownFileType = sourcecode.swift; path = NameTabViewController.swift; sourceTree = "<group>"; };
		7A958B2921814F32008FEA44 /* SportsTabViewController.swift */ = {isa = PBXFileReference; lastKnownFileType = sourcecode.swift; path = SportsTabViewController.swift; sourceTree = "<group>"; };
		7A958B2B21814F54008FEA44 /* MapTabViewController.swift */ = {isa = PBXFileReference; lastKnownFileType = sourcecode.swift; path = MapTabViewController.swift; sourceTree = "<group>"; };
		7AD8BECE217D2215008B47F3 /* States.plist */ = {isa = PBXFileReference; lastKnownFileType = text.plist.xml; path = States.plist; sourceTree = "<group>"; };
		7AD8BED1217D286F008B47F3 /* StateDomain.swift */ = {isa = PBXFileReference; lastKnownFileType = sourcecode.swift; path = StateDomain.swift; sourceTree = "<group>"; };
		7AD8BED4217D2A21008B47F3 /* StatesService.swift */ = {isa = PBXFileReference; lastKnownFileType = sourcecode.swift; path = StatesService.swift; sourceTree = "<group>"; };
/* End PBXFileReference section */

/* Begin PBXFrameworksBuildPhase section */
		7A2454E921780D200004E3D1 /* Frameworks */ = {
			isa = PBXFrameworksBuildPhase;
			buildActionMask = 2147483647;
			files = (
				7A81F46221868FD4008FF90E /* MapKit.framework in Frameworks */,
			);
			runOnlyForDeploymentPostprocessing = 0;
		};
		7A2454FD21780D210004E3D1 /* Frameworks */ = {
			isa = PBXFrameworksBuildPhase;
			buildActionMask = 2147483647;
			files = (
			);
			runOnlyForDeploymentPostprocessing = 0;
		};
		7A24550821780D210004E3D1 /* Frameworks */ = {
			isa = PBXFrameworksBuildPhase;
			buildActionMask = 2147483647;
			files = (
			);
			runOnlyForDeploymentPostprocessing = 0;
		};
/* End PBXFrameworksBuildPhase section */

/* Begin PBXGroup section */
		7A1284AD217D47C900B01363 /* repository */ = {
			isa = PBXGroup;
			children = (
				7A1284AE217D47DF00B01363 /* StatesRepository.swift */,
				7A7D03232180008F003DB0A4 /* StatesRepositoryProtocol.swift */,
			);
			path = repository;
			sourceTree = "<group>";
		};
		7A2454E321780D200004E3D1 = {
			isa = PBXGroup;
			children = (
				7A2454EE21780D200004E3D1 /* assignment4 */,
				7A24550321780D210004E3D1 /* assignment4Tests */,
				7A24550E21780D210004E3D1 /* assignment4UITests */,
				7A2454ED21780D200004E3D1 /* Products */,
				7A81F46021868FD4008FF90E /* Frameworks */,
			);
			sourceTree = "<group>";
		};
		7A2454ED21780D200004E3D1 /* Products */ = {
			isa = PBXGroup;
			children = (
				7A2454EC21780D200004E3D1 /* assignment4.app */,
				7A24550021780D210004E3D1 /* assignment4Tests.xctest */,
				7A24550B21780D210004E3D1 /* assignment4UITests.xctest */,
			);
			name = Products;
			sourceTree = "<group>";
		};
		7A2454EE21780D200004E3D1 /* assignment4 */ = {
			isa = PBXGroup;
			children = (
				7A81F4632186A6B8008FF90E /* map */,
				7AD8BED0217D285D008B47F3 /* Domain */,
				7A1284AD217D47C900B01363 /* repository */,
				7AD8BED3217D2A0E008B47F3 /* services */,
				7AD8BECD217D21E1008B47F3 /* storyboards */,
				7AD8BECC217D2190008B47F3 /* controllers */,
				7A2454FB21780D210004E3D1 /* Info.plist */,
				7AD8BECE217D2215008B47F3 /* States.plist */,
			);
			path = assignment4;
			sourceTree = "<group>";
		};
		7A24550321780D210004E3D1 /* assignment4Tests */ = {
			isa = PBXGroup;
			children = (
				7A24550421780D210004E3D1 /* assignment4Tests.swift */,
				7A24550621780D210004E3D1 /* Info.plist */,
			);
			path = assignment4Tests;
			sourceTree = "<group>";
		};
		7A24550E21780D210004E3D1 /* assignment4UITests */ = {
			isa = PBXGroup;
			children = (
				7A24550F21780D210004E3D1 /* assignment4UITests.swift */,
				7A24551121780D210004E3D1 /* Info.plist */,
			);
			path = assignment4UITests;
			sourceTree = "<group>";
		};
		7A81F46021868FD4008FF90E /* Frameworks */ = {
			isa = PBXGroup;
			children = (
				7A81F46121868FD4008FF90E /* MapKit.framework */,
			);
			name = Frameworks;
			sourceTree = "<group>";
		};
		7A81F4632186A6B8008FF90E /* map */ = {
			isa = PBXGroup;
			children = (
				7A81F4642186A6F9008FF90E /* AnnotatedLocation.swift */,
			);
			path = map;
			sourceTree = "<group>";
		};
		7AD8BECC217D2190008B47F3 /* controllers */ = {
			isa = PBXGroup;
			children = (
				7A958B2921814F32008FEA44 /* SportsTabViewController.swift */,
				7A958B2721814F08008FEA44 /* NameTabViewController.swift */,
				7A2454F121780D200004E3D1 /* LoginViewController.swift */,
				7A0382F4217EA65600D339EE /* StatesTableViewController.swift */,
				7A2900EC217EE52C00F9E44A /* StateViewController.swift */,
				7A958B2B21814F54008FEA44 /* MapTabViewController.swift */,
			);
			path = controllers;
			sourceTree = "<group>";
		};
		7AD8BECD217D21E1008B47F3 /* storyboards */ = {
			isa = PBXGroup;
			children = (
				7A2454EF21780D200004E3D1 /* AppDelegate.swift */,
				7A2454F321780D200004E3D1 /* Main.storyboard */,
				7A2454F621780D210004E3D1 /* Assets.xcassets */,
				7A2454F821780D210004E3D1 /* LaunchScreen.storyboard */,
			);
			path = storyboards;
			sourceTree = "<group>";
		};
		7AD8BED0217D285D008B47F3 /* Domain */ = {
			isa = PBXGroup;
			children = (
				7AD8BED1217D286F008B47F3 /* StateDomain.swift */,
			);
			name = Domain;
			path = DTO;
			sourceTree = "<group>";
		};
		7AD8BED3217D2A0E008B47F3 /* services */ = {
			isa = PBXGroup;
			children = (
				7AD8BED4217D2A21008B47F3 /* StatesService.swift */,
				7A7D0325218000F2003DB0A4 /* StatesServiceProtocol.swift */,
			);
			path = services;
			sourceTree = "<group>";
		};
/* End PBXGroup section */

/* Begin PBXNativeTarget section */
		7A2454EB21780D200004E3D1 /* assignment4 */ = {
			isa = PBXNativeTarget;
			buildConfigurationList = 7A24551421780D210004E3D1 /* Build configuration list for PBXNativeTarget "assignment4" */;
			buildPhases = (
				7A2454E821780D200004E3D1 /* Sources */,
				7A2454E921780D200004E3D1 /* Frameworks */,
				7A2454EA21780D200004E3D1 /* Resources */,
			);
			buildRules = (
			);
			dependencies = (
			);
			name = assignment4;
			productName = assignment4;
			productReference = 7A2454EC21780D200004E3D1 /* assignment4.app */;
			productType = "com.apple.product-type.application";
		};
		7A2454FF21780D210004E3D1 /* assignment4Tests */ = {
			isa = PBXNativeTarget;
			buildConfigurationList = 7A24551721780D210004E3D1 /* Build configuration list for PBXNativeTarget "assignment4Tests" */;
			buildPhases = (
				7A2454FC21780D210004E3D1 /* Sources */,
				7A2454FD21780D210004E3D1 /* Frameworks */,
				7A2454FE21780D210004E3D1 /* Resources */,
			);
			buildRules = (
			);
			dependencies = (
				7A24550221780D210004E3D1 /* PBXTargetDependency */,
			);
			name = assignment4Tests;
			productName = assignment4Tests;
			productReference = 7A24550021780D210004E3D1 /* assignment4Tests.xctest */;
			productType = "com.apple.product-type.bundle.unit-test";
		};
		7A24550A21780D210004E3D1 /* assignment4UITests */ = {
			isa = PBXNativeTarget;
			buildConfigurationList = 7A24551A21780D210004E3D1 /* Build configuration list for PBXNativeTarget "assignment4UITests" */;
			buildPhases = (
				7A24550721780D210004E3D1 /* Sources */,
				7A24550821780D210004E3D1 /* Frameworks */,
				7A24550921780D210004E3D1 /* Resources */,
			);
			buildRules = (
			);
			dependencies = (
				7A24550D21780D210004E3D1 /* PBXTargetDependency */,
			);
			name = assignment4UITests;
			productName = assignment4UITests;
			productReference = 7A24550B21780D210004E3D1 /* assignment4UITests.xctest */;
			productType = "com.apple.product-type.bundle.ui-testing";
		};
/* End PBXNativeTarget section */

/* Begin PBXProject section */
		7A2454E421780D200004E3D1 /* Project object */ = {
			isa = PBXProject;
			attributes = {
				LastSwiftUpdateCheck = 1000;
				LastUpgradeCheck = 1000;
				ORGANIZATIONNAME = "Alberto Leon";
				TargetAttributes = {
					7A2454EB21780D200004E3D1 = {
						CreatedOnToolsVersion = 10.0;
						SystemCapabilities = {
							com.apple.Maps.iOS = {
								enabled = 1;
							};
						};
					};
					7A2454FF21780D210004E3D1 = {
						CreatedOnToolsVersion = 10.0;
						TestTargetID = 7A2454EB21780D200004E3D1;
					};
					7A24550A21780D210004E3D1 = {
						CreatedOnToolsVersion = 10.0;
						TestTargetID = 7A2454EB21780D200004E3D1;
					};
				};
			};
			buildConfigurationList = 7A2454E721780D200004E3D1 /* Build configuration list for PBXProject "assignment4" */;
			compatibilityVersion = "Xcode 9.3";
			developmentRegion = en;
			hasScannedForEncodings = 0;
			knownRegions = (
				en,
				Base,
			);
			mainGroup = 7A2454E321780D200004E3D1;
			productRefGroup = 7A2454ED21780D200004E3D1 /* Products */;
			projectDirPath = "";
			projectRoot = "";
			targets = (
				7A2454EB21780D200004E3D1 /* assignment4 */,
				7A2454FF21780D210004E3D1 /* assignment4Tests */,
				7A24550A21780D210004E3D1 /* assignment4UITests */,
			);
		};
/* End PBXProject section */

/* Begin PBXResourcesBuildPhase section */
		7A2454EA21780D200004E3D1 /* Resources */ = {
			isa = PBXResourcesBuildPhase;
			buildActionMask = 2147483647;
			files = (
				7A2454FA21780D210004E3D1 /* LaunchScreen.storyboard in Resources */,
				7A2454F721780D210004E3D1 /* Assets.xcassets in Resources */,
				7AD8BECF217D2215008B47F3 /* States.plist in Resources */,
				7A2454F521780D200004E3D1 /* Main.storyboard in Resources */,
			);
			runOnlyForDeploymentPostprocessing = 0;
		};
		7A2454FE21780D210004E3D1 /* Resources */ = {
			isa = PBXResourcesBuildPhase;
			buildActionMask = 2147483647;
			files = (
			);
			runOnlyForDeploymentPostprocessing = 0;
		};
		7A24550921780D210004E3D1 /* Resources */ = {
			isa = PBXResourcesBuildPhase;
			buildActionMask = 2147483647;
			files = (
			);
			runOnlyForDeploymentPostprocessing = 0;
		};
/* End PBXResourcesBuildPhase section */

/* Begin PBXSourcesBuildPhase section */
		7A2454E821780D200004E3D1 /* Sources */ = {
			isa = PBXSourcesBuildPhase;
			buildActionMask = 2147483647;
			files = (
				7A2454F221780D200004E3D1 /* LoginViewController.swift in Sources */,
				7A958B2C21814F54008FEA44 /* MapTabViewController.swift in Sources */,
				7A1284AF217D47DF00B01363 /* StatesRepository.swift in Sources */,
				7AD8BED2217D286F008B47F3 /* StateDomain.swift in Sources */,
				7A81F4652186A6F9008FF90E /* AnnotatedLocation.swift in Sources */,
				7A958B2821814F08008FEA44 /* NameTabViewController.swift in Sources */,
				7A0382F5217EA65600D339EE /* StatesTableViewController.swift in Sources */,
				7A7D0326218000F2003DB0A4 /* StatesServiceProtocol.swift in Sources */,
				7A2900ED217EE52C00F9E44A /* StateViewController.swift in Sources */,
				7A958B2A21814F32008FEA44 /* SportsTabViewController.swift in Sources */,
				7AD8BED5217D2A21008B47F3 /* StatesService.swift in Sources */,
				7A2454F021780D200004E3D1 /* AppDelegate.swift in Sources */,
				7A7D03242180008F003DB0A4 /* StatesRepositoryProtocol.swift in Sources */,
			);
			runOnlyForDeploymentPostprocessing = 0;
		};
		7A2454FC21780D210004E3D1 /* Sources */ = {
			isa = PBXSourcesBuildPhase;
			buildActionMask = 2147483647;
			files = (
				7A24550521780D210004E3D1 /* assignment4Tests.swift in Sources */,
			);
			runOnlyForDeploymentPostprocessing = 0;
		};
		7A24550721780D210004E3D1 /* Sources */ = {
			isa = PBXSourcesBuildPhase;
			buildActionMask = 2147483647;
			files = (
				7A24551021780D210004E3D1 /* assignment4UITests.swift in Sources */,
			);
			runOnlyForDeploymentPostprocessing = 0;
		};
/* End PBXSourcesBuildPhase section */

/* Begin PBXTargetDependency section */
		7A24550221780D210004E3D1 /* PBXTargetDependency */ = {
			isa = PBXTargetDependency;
			target = 7A2454EB21780D200004E3D1 /* assignment4 */;
			targetProxy = 7A24550121780D210004E3D1 /* PBXContainerItemProxy */;
		};
		7A24550D21780D210004E3D1 /* PBXTargetDependency */ = {
			isa = PBXTargetDependency;
			target = 7A2454EB21780D200004E3D1 /* assignment4 */;
			targetProxy = 7A24550C21780D210004E3D1 /* PBXContainerItemProxy */;
		};
/* End PBXTargetDependency section */

/* Begin PBXVariantGroup section */
		7A2454F321780D200004E3D1 /* Main.storyboard */ = {
			isa = PBXVariantGroup;
			children = (
				7A2454F421780D200004E3D1 /* Base */,
				7A26ACF921795FD800ED7532 /* en */,
				7A26AD042179681700ED7532 /* es */,
			);
			name = Main.storyboard;
			sourceTree = "<group>";
		};
		7A2454F821780D210004E3D1 /* LaunchScreen.storyboard */ = {
			isa = PBXVariantGroup;
			children = (
				7A2454F921780D210004E3D1 /* Base */,
				7A26ACFB2179600B00ED7532 /* es */,
			);
			name = LaunchScreen.storyboard;
			sourceTree = "<group>";
		};
/* End PBXVariantGroup section */

/* Begin XCBuildConfiguration section */
		7A24551221780D210004E3D1 /* Debug */ = {
			isa = XCBuildConfiguration;
			buildSettings = {
				ALWAYS_SEARCH_USER_PATHS = NO;
				CLANG_ANALYZER_LOCALIZABILITY_NONLOCALIZED = YES;
				CLANG_ANALYZER_NONNULL = YES;
				CLANG_ANALYZER_NUMBER_OBJECT_CONVERSION = YES_AGGRESSIVE;
				CLANG_CXX_LANGUAGE_STANDARD = "gnu++14";
				CLANG_CXX_LIBRARY = "libc++";
				CLANG_ENABLE_MODULES = YES;
				CLANG_ENABLE_OBJC_ARC = YES;
				CLANG_ENABLE_OBJC_WEAK = YES;
				CLANG_WARN_BLOCK_CAPTURE_AUTORELEASING = YES;
				CLANG_WARN_BOOL_CONVERSION = YES;
				CLANG_WARN_COMMA = YES;
				CLANG_WARN_CONSTANT_CONVERSION = YES;
				CLANG_WARN_DEPRECATED_OBJC_IMPLEMENTATIONS = YES;
				CLANG_WARN_DIRECT_OBJC_ISA_USAGE = YES_ERROR;
				CLANG_WARN_DOCUMENTATION_COMMENTS = YES;
				CLANG_WARN_EMPTY_BODY = YES;
				CLANG_WARN_ENUM_CONVERSION = YES;
				CLANG_WARN_INFINITE_RECURSION = YES;
				CLANG_WARN_INT_CONVERSION = YES;
				CLANG_WARN_NON_LITERAL_NULL_CONVERSION = YES;
				CLANG_WARN_OBJC_IMPLICIT_RETAIN_SELF = YES;
				CLANG_WARN_OBJC_LITERAL_CONVERSION = YES;
				CLANG_WARN_OBJC_ROOT_CLASS = YES_ERROR;
				CLANG_WARN_RANGE_LOOP_ANALYSIS = YES;
				CLANG_WARN_STRICT_PROTOTYPES = YES;
				CLANG_WARN_SUSPICIOUS_MOVE = YES;
				CLANG_WARN_UNGUARDED_AVAILABILITY = YES_AGGRESSIVE;
				CLANG_WARN_UNREACHABLE_CODE = YES;
				CLANG_WARN__DUPLICATE_METHOD_MATCH = YES;
				CODE_SIGN_IDENTITY = "iPhone Developer";
				COPY_PHASE_STRIP = NO;
				DEBUG_INFORMATION_FORMAT = dwarf;
				ENABLE_STRICT_OBJC_MSGSEND = YES;
				ENABLE_TESTABILITY = YES;
				GCC_C_LANGUAGE_STANDARD = gnu11;
				GCC_DYNAMIC_NO_PIC = NO;
				GCC_NO_COMMON_BLOCKS = YES;
				GCC_OPTIMIZATION_LEVEL = 0;
				GCC_PREPROCESSOR_DEFINITIONS = (
					"DEBUG=1",
					"$(inherited)",
				);
				GCC_WARN_64_TO_32_BIT_CONVERSION = YES;
				GCC_WARN_ABOUT_RETURN_TYPE = YES_ERROR;
				GCC_WARN_UNDECLARED_SELECTOR = YES;
				GCC_WARN_UNINITIALIZED_AUTOS = YES_AGGRESSIVE;
				GCC_WARN_UNUSED_FUNCTION = YES;
				GCC_WARN_UNUSED_VARIABLE = YES;
				IPHONEOS_DEPLOYMENT_TARGET = 12.0;
				MTL_ENABLE_DEBUG_INFO = INCLUDE_SOURCE;
				MTL_FAST_MATH = YES;
				ONLY_ACTIVE_ARCH = YES;
				SDKROOT = iphoneos;
				SWIFT_ACTIVE_COMPILATION_CONDITIONS = DEBUG;
				SWIFT_OPTIMIZATION_LEVEL = "-Onone";
			};
			name = Debug;
		};
		7A24551321780D210004E3D1 /* Release */ = {
			isa = XCBuildConfiguration;
			buildSettings = {
				ALWAYS_SEARCH_USER_PATHS = NO;
				CLANG_ANALYZER_LOCALIZABILITY_NONLOCALIZED = YES;
				CLANG_ANALYZER_NONNULL = YES;
				CLANG_ANALYZER_NUMBER_OBJECT_CONVERSION = YES_AGGRESSIVE;
				CLANG_CXX_LANGUAGE_STANDARD = "gnu++14";
				CLANG_CXX_LIBRARY = "libc++";
				CLANG_ENABLE_MODULES = YES;
				CLANG_ENABLE_OBJC_ARC = YES;
				CLANG_ENABLE_OBJC_WEAK = YES;
				CLANG_WARN_BLOCK_CAPTURE_AUTORELEASING = YES;
				CLANG_WARN_BOOL_CONVERSION = YES;
				CLANG_WARN_COMMA = YES;
				CLANG_WARN_CONSTANT_CONVERSION = YES;
				CLANG_WARN_DEPRECATED_OBJC_IMPLEMENTATIONS = YES;
				CLANG_WARN_DIRECT_OBJC_ISA_USAGE = YES_ERROR;
				CLANG_WARN_DOCUMENTATION_COMMENTS = YES;
				CLANG_WARN_EMPTY_BODY = YES;
				CLANG_WARN_ENUM_CONVERSION = YES;
				CLANG_WARN_INFINITE_RECURSION = YES;
				CLANG_WARN_INT_CONVERSION = YES;
				CLANG_WARN_NON_LITERAL_NULL_CONVERSION = YES;
				CLANG_WARN_OBJC_IMPLICIT_RETAIN_SELF = YES;
				CLANG_WARN_OBJC_LITERAL_CONVERSION = YES;
				CLANG_WARN_OBJC_ROOT_CLASS = YES_ERROR;
				CLANG_WARN_RANGE_LOOP_ANALYSIS = YES;
				CLANG_WARN_STRICT_PROTOTYPES = YES;
				CLANG_WARN_SUSPICIOUS_MOVE = YES;
				CLANG_WARN_UNGUARDED_AVAILABILITY = YES_AGGRESSIVE;
				CLANG_WARN_UNREACHABLE_CODE = YES;
				CLANG_WARN__DUPLICATE_METHOD_MATCH = YES;
				CODE_SIGN_IDENTITY = "iPhone Developer";
				COPY_PHASE_STRIP = NO;
				DEBUG_INFORMATION_FORMAT = "dwarf-with-dsym";
				ENABLE_NS_ASSERTIONS = NO;
				ENABLE_STRICT_OBJC_MSGSEND = YES;
				GCC_C_LANGUAGE_STANDARD = gnu11;
				GCC_NO_COMMON_BLOCKS = YES;
				GCC_WARN_64_TO_32_BIT_CONVERSION = YES;
				GCC_WARN_ABOUT_RETURN_TYPE = YES_ERROR;
				GCC_WARN_UNDECLARED_SELECTOR = YES;
				GCC_WARN_UNINITIALIZED_AUTOS = YES_AGGRESSIVE;
				GCC_WARN_UNUSED_FUNCTION = YES;
				GCC_WARN_UNUSED_VARIABLE = YES;
				IPHONEOS_DEPLOYMENT_TARGET = 12.0;
				MTL_ENABLE_DEBUG_INFO = NO;
				MTL_FAST_MATH = YES;
				SDKROOT = iphoneos;
				SWIFT_COMPILATION_MODE = wholemodule;
				SWIFT_OPTIMIZATION_LEVEL = "-O";
				VALIDATE_PRODUCT = YES;
			};
			name = Release;
		};
		7A24551521780D210004E3D1 /* Debug */ = {
			isa = XCBuildConfiguration;
			buildSettings = {
				ASSETCATALOG_COMPILER_APPICON_NAME = AppIcon;
				CODE_SIGN_STYLE = Automatic;
				INFOPLIST_FILE = assignment4/Info.plist;
				LD_RUNPATH_SEARCH_PATHS = (
					"$(inherited)",
					"@executable_path/Frameworks",
				);
				PRODUCT_BUNDLE_IDENTIFIER = sdsuCS646.assignment4;
				PRODUCT_NAME = "$(TARGET_NAME)";
				SWIFT_VERSION = 4.2;
				TARGETED_DEVICE_FAMILY = "1,2";
			};
			name = Debug;
		};
		7A24551621780D210004E3D1 /* Release */ = {
			isa = XCBuildConfiguration;
			buildSettings = {
				ASSETCATALOG_COMPILER_APPICON_NAME = AppIcon;
				CODE_SIGN_STYLE = Automatic;
				INFOPLIST_FILE = assignment4/Info.plist;
				LD_RUNPATH_SEARCH_PATHS = (
					"$(inherited)",
					"@executable_path/Frameworks",
				);
				PRODUCT_BUNDLE_IDENTIFIER = sdsuCS646.assignment4;
				PRODUCT_NAME = "$(TARGET_NAME)";
				SWIFT_VERSION = 4.2;
				TARGETED_DEVICE_FAMILY = "1,2";
			};
			name = Release;
		};
		7A24551821780D210004E3D1 /* Debug */ = {
			isa = XCBuildConfiguration;
			buildSettings = {
				ALWAYS_EMBED_SWIFT_STANDARD_LIBRARIES = YES;
				BUNDLE_LOADER = "$(TEST_HOST)";
				CODE_SIGN_STYLE = Automatic;
				INFOPLIST_FILE = assignment4Tests/Info.plist;
				LD_RUNPATH_SEARCH_PATHS = (
					"$(inherited)",
					"@executable_path/Frameworks",
					"@loader_path/Frameworks",
				);
				PRODUCT_BUNDLE_IDENTIFIER = sdsuCS646.assignment4Tests;
				PRODUCT_NAME = "$(TARGET_NAME)";
				SWIFT_VERSION = 4.2;
				TARGETED_DEVICE_FAMILY = "1,2";
				TEST_HOST = "$(BUILT_PRODUCTS_DIR)/assignment4.app/assignment4";
			};
			name = Debug;
		};
		7A24551921780D210004E3D1 /* Release */ = {
			isa = XCBuildConfiguration;
			buildSettings = {
				ALWAYS_EMBED_SWIFT_STANDARD_LIBRARIES = YES;
				BUNDLE_LOADER = "$(TEST_HOST)";
				CODE_SIGN_STYLE = Automatic;
				INFOPLIST_FILE = assignment4Tests/Info.plist;
				LD_RUNPATH_SEARCH_PATHS = (
					"$(inherited)",
					"@executable_path/Frameworks",
					"@loader_path/Frameworks",
				);
				PRODUCT_BUNDLE_IDENTIFIER = sdsuCS646.assignment4Tests;
				PRODUCT_NAME = "$(TARGET_NAME)";
				SWIFT_VERSION = 4.2;
				TARGETED_DEVICE_FAMILY = "1,2";
				TEST_HOST = "$(BUILT_PRODUCTS_DIR)/assignment4.app/assignment4";
			};
			name = Release;
		};
		7A24551B21780D210004E3D1 /* Debug */ = {
			isa = XCBuildConfiguration;
			buildSettings = {
				ALWAYS_EMBED_SWIFT_STANDARD_LIBRARIES = YES;
				CODE_SIGN_STYLE = Automatic;
				INFOPLIST_FILE = assignment4UITests/Info.plist;
				LD_RUNPATH_SEARCH_PATHS = (
					"$(inherited)",
					"@executable_path/Frameworks",
					"@loader_path/Frameworks",
				);
				PRODUCT_BUNDLE_IDENTIFIER = sdsuCS646.assignment4UITests;
				PRODUCT_NAME = "$(TARGET_NAME)";
				SWIFT_VERSION = 4.2;
				TARGETED_DEVICE_FAMILY = "1,2";
				TEST_TARGET_NAME = assignment4;
			};
			name = Debug;
		};
		7A24551C21780D210004E3D1 /* Release */ = {
			isa = XCBuildConfiguration;
			buildSettings = {
				ALWAYS_EMBED_SWIFT_STANDARD_LIBRARIES = YES;
				CODE_SIGN_STYLE = Automatic;
				INFOPLIST_FILE = assignment4UITests/Info.plist;
				LD_RUNPATH_SEARCH_PATHS = (
					"$(inherited)",
					"@executable_path/Frameworks",
					"@loader_path/Frameworks",
				);
				PRODUCT_BUNDLE_IDENTIFIER = sdsuCS646.assignment4UITests;
				PRODUCT_NAME = "$(TARGET_NAME)";
				SWIFT_VERSION = 4.2;
				TARGETED_DEVICE_FAMILY = "1,2";
				TEST_TARGET_NAME = assignment4;
			};
			name = Release;
		};
/* End XCBuildConfiguration section */

/* Begin XCConfigurationList section */
		7A2454E721780D200004E3D1 /* Build configuration list for PBXProject "assignment4" */ = {
			isa = XCConfigurationList;
			buildConfigurations = (
				7A24551221780D210004E3D1 /* Debug */,
				7A24551321780D210004E3D1 /* Release */,
			);
			defaultConfigurationIsVisible = 0;
			defaultConfigurationName = Release;
		};
		7A24551421780D210004E3D1 /* Build configuration list for PBXNativeTarget "assignment4" */ = {
			isa = XCConfigurationList;
			buildConfigurations = (
				7A24551521780D210004E3D1 /* Debug */,
				7A24551621780D210004E3D1 /* Release */,
			);
			defaultConfigurationIsVisible = 0;
			defaultConfigurationName = Release;
		};
		7A24551721780D210004E3D1 /* Build configuration list for PBXNativeTarget "assignment4Tests" */ = {
			isa = XCConfigurationList;
			buildConfigurations = (
				7A24551821780D210004E3D1 /* Debug */,
				7A24551921780D210004E3D1 /* Release */,
			);
			defaultConfigurationIsVisible = 0;
			defaultConfigurationName = Release;
		};
		7A24551A21780D210004E3D1 /* Build configuration list for PBXNativeTarget "assignment4UITests" */ = {
			isa = XCConfigurationList;
			buildConfigurations = (
				7A24551B21780D210004E3D1 /* Debug */,
				7A24551C21780D210004E3D1 /* Release */,
			);
			defaultConfigurationIsVisible = 0;
			defaultConfigurationName = Release;
		};
/* End XCConfigurationList section */
	};
	rootObject = 7A2454E421780D200004E3D1 /* Project object */;
}
